
Microsoft Visual Studio Solution File, Format Version 12.00
# Visual Studio Version 16
VisualStudioVersion = 16.0.29728.190
MinimumVisualStudioVersion = 10.0.40219.1
Project("{FAE04EC0-301F-11D3-BF4B-00C04F79EFBC}") = "Binottery", "Binottery\Binottery.csproj", "{7ECCFEC5-C9DC-42E9-996F-673D996C11DD}"
EndProject
Global
	GlobalSection(SolutionConfigurationPlatforms) = preSolution
		Debug|Any CPU = Debug|Any CPU
		Release|Any CPU = Release|Any CPU
	EndGlobalSection
	GlobalSection(ProjectConfigurationPlatforms) = postSolution
		{7ECCFEC5-C9DC-42E9-996F-673D996C11DD}.Debug|Any CPU.ActiveCfg = Debug|Any CPU
		{7ECCFEC5-C9DC-42E9-996F-673D996C11DD}.Debug|Any CPU.Build.0 = Debug|Any CPU
		{7ECCFEC5-C9DC-42E9-996F-673D996C11DD}.Release|Any CPU.ActiveCfg = Release|Any CPU
		{7ECCFEC5-C9DC-42E9-996F-673D996C11DD}.Release|Any CPU.Build.0 = Release|Any CPU
	EndGlobalSection
	GlobalSection(SolutionProperties) = preSolution
		HideSolutionNode = FALSE
	EndGlobalSection
	GlobalSection(ExtensibilityGlobals) = postSolution
		SolutionGuid = {B32DDD86-ACF4-44AC-8097-282EF4ADD7CD}
	EndGlobalSection
EndGlobal
